
Microsoft Visual Studio Solution File, Format Version 12.00
# Visual Studio Version 17
VisualStudioVersion = 17.10.35004.147
MinimumVisualStudioVersion = 10.0.40219.1
Project("{FAE04EC0-301F-11D3-BF4B-00C04F79EFBC}") = "ProjectManagementTask", "ProjectManagementTask\ProjectManagementTask.csproj", "{42A11C7B-89E5-4A82-890F-05759943D372}"
EndProject
Global
	GlobalSection(SolutionConfigurationPlatforms) = preSolution
		Debug|Any CPU = Debug|Any CPU
		Release|Any CPU = Release|Any CPU
	EndGlobalSection
	GlobalSection(ProjectConfigurationPlatforms) = postSolution
		{42A11C7B-89E5-4A82-890F-05759943D372}.Debug|Any CPU.ActiveCfg = Debug|Any CPU
		{42A11C7B-89E5-4A82-890F-05759943D372}.Debug|Any CPU.Build.0 = Debug|Any CPU
		{42A11C7B-89E5-4A82-890F-05759943D372}.Release|Any CPU.ActiveCfg = Release|Any CPU
		{42A11C7B-89E5-4A82-890F-05759943D372}.Release|Any CPU.Build.0 = Release|Any CPU
	EndGlobalSection
	GlobalSection(SolutionProperties) = preSolution
		HideSolutionNode = FALSE
	EndGlobalSection
	GlobalSection(ExtensibilityGlobals) = postSolution
		SolutionGuid = {CFCDDF4A-425D-4BB0-8658-9B9F82D5D771}
	EndGlobalSection
EndGlobal
